// !$*UTF8*$!
{
	archiveVersion = 1;
	classes = {
	};
	objectVersion = 77;
	objects = {

/* Begin PBXBuildFile section */
		C03C108B2FE4D7A100CC27AF /* HealthWidgetSnapshot.swift in Sources */ = {isa = PBXBuildFile; fileRef = C03C108A2FE4D7A100CC27AF /* HealthWidgetSnapshot.swift */; };
		C03C10932FE4D87000CC27AF /* WidgetKit.framework in Frameworks */ = {isa = PBXBuildFile; fileRef = C03C10922FE4D87000CC27AF /* WidgetKit.framework */; };
		C03C10952FE4D87000CC27AF /* SwiftUI.framework in Frameworks */ = {isa = PBXBuildFile; fileRef = C03C10942FE4D87000CC27AF /* SwiftUI.framework */; };
		C03C10A62FE4D87000CC27AF /* HealthLogiQExtension.appex in Embed Foundation Extensions */ = {isa = PBXBuildFile; fileRef = C03C10902FE4D87000CC27AF /* HealthLogiQExtension.appex */; settings = {ATTRIBUTES = (RemoveHeadersOnCopy, ); }; };
		C03C10AE2FE5892B00CC27AF /* StoreKit.framework in Frameworks */ = {isa = PBXBuildFile; fileRef = C03C10AD2FE5892B00CC27AF /* StoreKit.framework */; };
/* End PBXBuildFile section */

/* Begin PBXContainerItemProxy section */
		C03C10A42FE4D87000CC27AF /* PBXContainerItemProxy */ = {
			isa = PBXContainerItemProxy;
			containerPortal = C01D02E12FDA59E3001B97F4 /* Project object */;
			proxyType = 1;
			remoteGlobalIDString = C03C108F2FE4D87000CC27AF;
			remoteInfo = HealthLogiQExtension;
		};
/* End PBXContainerItemProxy section */

/* Begin PBXCopyFilesBuildPhase section */
		C03C10AB2FE4D87000CC27AF /* Embed Foundation Extensions */ = {
			isa = PBXCopyFilesBuildPhase;
			buildActionMask = 2147483647;
			dstPath = "";
			dstSubfolderSpec = 13;
			files = (
				C03C10A62FE4D87000CC27AF /* HealthLogiQExtension.appex in Embed Foundation Extensions */,
			);
			name = "Embed Foundation Extensions";
			runOnlyForDeploymentPostprocessing = 0;
		};
/* End PBXCopyFilesBuildPhase section */

/* Begin PBXFileReference section */
		C01D02E92FDA59E3001B97F4 /* HealthLogiq.app */ = {isa = PBXFileReference; explicitFileType = wrapper.application; includeInIndex = 0; path = HealthLogiq.app; sourceTree = BUILT_PRODUCTS_DIR; };
		C03C108A2FE4D7A100CC27AF /* HealthWidgetSnapshot.swift */ = {isa = PBXFileReference; lastKnownFileType = sourcecode.swift; path = HealthWidgetSnapshot.swift; sourceTree = "<group>"; };
		C03C10902FE4D87000CC27AF /* HealthLogiQExtension.appex */ = {isa = PBXFileReference; explicitFileType = "wrapper.app-extension"; includeInIndex = 0; path = HealthLogiQExtension.appex; sourceTree = BUILT_PRODUCTS_DIR; };
		C03C10922FE4D87000CC27AF /* WidgetKit.framework */ = {isa = PBXFileReference; lastKnownFileType = wrapper.framework; name = WidgetKit.framework; path = System/Library/Frameworks/WidgetKit.framework; sourceTree = SDKROOT; };
		C03C10942FE4D87000CC27AF /* SwiftUI.framework */ = {isa = PBXFileReference; lastKnownFileType = wrapper.framework; name = SwiftUI.framework; path = System/Library/Frameworks/SwiftUI.framework; sourceTree = SDKROOT; };
		C03C10AC2FE4DD6800CC27AF /* HealthLogiQExtension.entitlements */ = {isa = PBXFileReference; lastKnownFileType = text.plist.entitlements; path = HealthLogiQExtension.entitlements; sourceTree = "<group>"; };
		C03C10AD2FE5892B00CC27AF /* StoreKit.framework */ = {isa = PBXFileReference; lastKnownFileType = wrapper.framework; name = StoreKit.framework; path = System/Library/Frameworks/StoreKit.framework; sourceTree = SDKROOT; };
/* End PBXFileReference section */

/* Begin PBXFileSystemSynchronizedBuildFileExceptionSet section */
		C02762AE2FDD016B00B698BC /* Exceptions for "SmartHealth" folder in "HealthLogiq" target */ = {
			isa = PBXFileSystemSynchronizedBuildFileExceptionSet;
			membershipExceptions = (
				Info.plist,
			);
			target = C01D02E82FDA59E3001B97F4 /* HealthLogiq */;
		};
		C03C10AA2FE4D87000CC27AF /* Exceptions for "HealthLogiQ" folder in "HealthLogiQExtension" target */ = {
			isa = PBXFileSystemSynchronizedBuildFileExceptionSet;
			membershipExceptions = (
				Info.plist,
			);
			target = C03C108F2FE4D87000CC27AF /* HealthLogiQExtension */;
		};
/* End PBXFileSystemSynchronizedBuildFileExceptionSet section */

/* Begin PBXFileSystemSynchronizedRootGroup section */
		C01D02EB2FDA59E3001B97F4 /* SmartHealth */ = {
			isa = PBXFileSystemSynchronizedRootGroup;
			exceptions = (
				C02762AE2FDD016B00B698BC /* Exceptions for "SmartHealth" folder in "HealthLogiq" target */,
			);
			path = SmartHealth;
			sourceTree = "<group>";
		};
		C03C10962FE4D87000CC27AF /* HealthLogiQ */ = {
			isa = PBXFileSystemSynchronizedRootGroup;
			exceptions = (
				C03C10AA2FE4D87000CC27AF /* Exceptions for "HealthLogiQ" folder in "HealthLogiQExtension" target */,
			);
			path = HealthLogiQ;
			sourceTree = "<group>";
		};
/* End PBXFileSystemSynchronizedRootGroup section */

/* Begin PBXFrameworksBuildPhase section */
		C01D02E62FDA59E3001B97F4 /* Frameworks */ = {
			isa = PBXFrameworksBuildPhase;
			buildActionMask = 2147483647;
			files = (
				C03C10AE2FE5892B00CC27AF /* StoreKit.framework in Frameworks */,
			);
			runOnlyForDeploymentPostprocessing = 0;
		};
		C03C108D2FE4D87000CC27AF /* Frameworks */ = {
			isa = PBXFrameworksBuildPhase;
			buildActionMask = 2147483647;
			files = (
				C03C10952FE4D87000CC27AF /* SwiftUI.framework in Frameworks */,
				C03C10932FE4D87000CC27AF /* WidgetKit.framework in Frameworks */,
			);
			runOnlyForDeploymentPostprocessing = 0;
		};
/* End PBXFrameworksBuildPhase section */

/* Begin PBXGroup section */
		C01D02E02FDA59E3001B97F4 = {
			isa = PBXGroup;
			children = (
				C03C10AC2FE4DD6800CC27AF /* HealthLogiQExtension.entitlements */,
				C01D02EB2FDA59E3001B97F4 /* SmartHealth */,
				C03C10962FE4D87000CC27AF /* HealthLogiQ */,
				C03C10912FE4D87000CC27AF /* Frameworks */,
				C01D02EA2FDA59E3001B97F4 /* Products */,
				C03C108A2FE4D7A100CC27AF /* HealthWidgetSnapshot.swift */,
			);
			sourceTree = "<group>";
		};
		C01D02EA2FDA59E3001B97F4 /* Products */ = {
			isa = PBXGroup;
			children = (
				C01D02E92FDA59E3001B97F4 /* HealthLogiq.app */,
				C03C10902FE4D87000CC27AF /* HealthLogiQExtension.appex */,
			);
			name = Products;
			sourceTree = "<group>";
		};
		C03C10912FE4D87000CC27AF /* Frameworks */ = {
			isa = PBXGroup;
			children = (
				C03C10AD2FE5892B00CC27AF /* StoreKit.framework */,
				C03C10922FE4D87000CC27AF /* WidgetKit.framework */,
				C03C10942FE4D87000CC27AF /* SwiftUI.framework */,
			);
			name = Frameworks;
			sourceTree = "<group>";
		};
/* End PBXGroup section */

/* Begin PBXNativeTarget section */
		C01D02E82FDA59E3001B97F4 /* HealthLogiq */ = {
			isa = PBXNativeTarget;
			buildConfigurationList = C01D02F42FDA59E4001B97F4 /* Build configuration list for PBXNativeTarget "HealthLogiq" */;
			buildPhases = (
				C01D02E52FDA59E3001B97F4 /* Sources */,
				C01D02E62FDA59E3001B97F4 /* Frameworks */,
				C01D02E72FDA59E3001B97F4 /* Resources */,
				C03C10AB2FE4D87000CC27AF /* Embed Foundation Extensions */,
			);
			buildRules = (
			);
			dependencies = (
				C03C10A52FE4D87000CC27AF /* PBXTargetDependency */,
			);
			fileSystemSynchronizedGroups = (
				C01D02EB2FDA59E3001B97F4 /* SmartHealth */,
			);
			name = HealthLogiq;
			packageProductDependencies = (
			);
			productName = SmartHealth;
			productReference = C01D02E92FDA59E3001B97F4 /* HealthLogiq.app */;
			productType = "com.apple.product-type.application";
		};
		C03C108F2FE4D87000CC27AF /* HealthLogiQExtension */ = {
			isa = PBXNativeTarget;
			buildConfigurationList = C03C10A72FE4D87000CC27AF /* Build configuration list for PBXNativeTarget "HealthLogiQExtension" */;
			buildPhases = (
				C03C108C2FE4D87000CC27AF /* Sources */,
				C03C108D2FE4D87000CC27AF /* Frameworks */,
				C03C108E2FE4D87000CC27AF /* Resources */,
			);
			buildRules = (
			);
			dependencies = (
			);
			fileSystemSynchronizedGroups = (
				C03C10962FE4D87000CC27AF /* HealthLogiQ */,
			);
			name = HealthLogiQExtension;
			packageProductDependencies = (
			);
			productName = HealthLogiQExtension;
			productReference = C03C10902FE4D87000CC27AF /* HealthLogiQExtension.appex */;
			productType = "com.apple.product-type.app-extension";
		};
/* End PBXNativeTarget section */

/* Begin PBXProject section */
		C01D02E12FDA59E3001B97F4 /* Project object */ = {
			isa = PBXProject;
			attributes = {
				BuildIndependentTargetsInParallel = 1;
				LastSwiftUpdateCheck = 2650;
				LastUpgradeCheck = 2650;
				TargetAttributes = {
					C01D02E82FDA59E3001B97F4 = {
						CreatedOnToolsVersion = 26.5;
					};
					C03C108F2FE4D87000CC27AF = {
						CreatedOnToolsVersion = 26.5;
					};
				};
			};
			buildConfigurationList = C01D02E42FDA59E3001B97F4 /* Build configuration list for PBXProject "HealthLogiQ" */;
			developmentRegion = en;
			hasScannedForEncodings = 0;
			knownRegions = (
				en,
				Base,
			);
			mainGroup = C01D02E02FDA59E3001B97F4;
			minimizedProjectReferenceProxies = 1;
			preferredProjectObjectVersion = 77;
			productRefGroup = C01D02EA2FDA59E3001B97F4 /* Products */;
			projectDirPath = "";
			projectRoot = "";
			targets = (
				C01D02E82FDA59E3001B97F4 /* HealthLogiq */,
				C03C108F2FE4D87000CC27AF /* HealthLogiQExtension */,
			);
		};
/* End PBXProject section */

/* Begin PBXResourcesBuildPhase section */
		C01D02E72FDA59E3001B97F4 /* Resources */ = {
			isa = PBXResourcesBuildPhase;
			buildActionMask = 2147483647;
			files = (
			);
			runOnlyForDeploymentPostprocessing = 0;
		};
		C03C108E2FE4D87000CC27AF /* Resources */ = {
			isa = PBXResourcesBuildPhase;
			buildActionMask = 2147483647;
			files = (
			);
			runOnlyForDeploymentPostprocessing = 0;
		};
/* End PBXResourcesBuildPhase section */

/* Begin PBXSourcesBuildPhase section */
		C01D02E52FDA59E3001B97F4 /* Sources */ = {
			isa = PBXSourcesBuildPhase;
			buildActionMask = 2147483647;
			files = (
				C03C108B2FE4D7A100CC27AF /* HealthWidgetSnapshot.swift in Sources */,
			);
			runOnlyForDeploymentPostprocessing = 0;
		};
		C03C108C2FE4D87000CC27AF /* Sources */ = {
			isa = PBXSourcesBuildPhase;
			buildActionMask = 2147483647;
			files = (
			);
			runOnlyForDeploymentPostprocessing = 0;
		};
/* End PBXSourcesBuildPhase section */

/* Begin PBXTargetDependency section */
		C03C10A52FE4D87000CC27AF /* PBXTargetDependency */ = {
			isa = PBXTargetDependency;
			target = C03C108F2FE4D87000CC27AF /* HealthLogiQExtension */;
			targetProxy = C03C10A42FE4D87000CC27AF /* PBXContainerItemProxy */;
		};
/* End PBXTargetDependency section */

/* Begin XCBuildConfiguration section */
		C01D02F22FDA59E4001B97F4 /* Debug */ = {
			isa = XCBuildConfiguration;
			buildSettings = {
				ALWAYS_SEARCH_USER_PATHS = NO;
				ASSETCATALOG_COMPILER_GENERATE_SWIFT_ASSET_SYMBOL_EXTENSIONS = YES;
				CLANG_ANALYZER_NONNULL = YES;
				CLANG_ANALYZER_NUMBER_OBJECT_CONVERSION = YES_AGGRESSIVE;
				CLANG_CXX_LANGUAGE_STANDARD = "gnu++20";
				CLANG_ENABLE_MODULES = YES;
				CLANG_ENABLE_OBJC_ARC = YES;
				CLANG_ENABLE_OBJC_WEAK = YES;
				CLANG_WARN_BLOCK_CAPTURE_AUTORELEASING = YES;
				CLANG_WARN_BOOL_CONVERSION = YES;
				CLANG_WARN_COMMA = YES;
				CLANG_WARN_CONSTANT_CONVERSION = YES;
				CLANG_WARN_DEPRECATED_OBJC_IMPLEMENTATIONS = YES;
				CLANG_WARN_DIRECT_OBJC_ISA_USAGE = YES_ERROR;
				CLANG_WARN_DOCUMENTATION_COMMENTS = YES;
				CLANG_WARN_EMPTY_BODY = YES;
				CLANG_WARN_ENUM_CONVERSION = YES;
				CLANG_WARN_INFINITE_RECURSION = YES;
				CLANG_WARN_INT_CONVERSION = YES;
				CLANG_WARN_NON_LITERAL_NULL_CONVERSION = YES;
				CLANG_WARN_OBJC_IMPLICIT_RETAIN_SELF = YES;
				CLANG_WARN_OBJC_LITERAL_CONVERSION = YES;
				CLANG_WARN_OBJC_ROOT_CLASS = YES_ERROR;
				CLANG_WARN_QUOTED_INCLUDE_IN_FRAMEWORK_HEADER = YES;
				CLANG_WARN_RANGE_LOOP_ANALYSIS = YES;
				CLANG_WARN_STRICT_PROTOTYPES = YES;
				CLANG_WARN_SUSPICIOUS_MOVE = YES;
				CLANG_WARN_UNGUARDED_AVAILABILITY = YES_AGGRESSIVE;
				CLANG_WARN_UNREACHABLE_CODE = YES;
				CLANG_WARN__DUPLICATE_METHOD_MATCH = YES;
				COPY_PHASE_STRIP = NO;
				DEBUG_INFORMATION_FORMAT = dwarf;
				ENABLE_STRICT_OBJC_MSGSEND = YES;
				ENABLE_TESTABILITY = YES;
				ENABLE_USER_SCRIPT_SANDBOXING = YES;
				GCC_C_LANGUAGE_STANDARD = gnu17;
				GCC_DYNAMIC_NO_PIC = NO;
				GCC_NO_COMMON_BLOCKS = YES;
				GCC_OPTIMIZATION_LEVEL = 0;
				GCC_PREPROCESSOR_DEFINITIONS = (
					"DEBUG=1",
					"$(inherited)",
				);
				GCC_WARN_64_TO_32_BIT_CONVERSION = YES;
				GCC_WARN_ABOUT_RETURN_TYPE = YES_ERROR;
				GCC_WARN_UNDECLARED_SELECTOR = YES;
				GCC_WARN_UNINITIALIZED_AUTOS = YES_AGGRESSIVE;
				GCC_WARN_UNUSED_FUNCTION = YES;
				GCC_WARN_UNUSED_VARIABLE = YES;
				IPHONEOS_DEPLOYMENT_TARGET = 26.5;
				LOCALIZATION_PREFERS_STRING_CATALOGS = YES;
				MTL_ENABLE_DEBUG_INFO = INCLUDE_SOURCE;
				MTL_FAST_MATH = YES;
				ONLY_ACTIVE_ARCH = YES;
				SDKROOT = iphoneos;
				SWIFT_ACTIVE_COMPILATION_CONDITIONS = "DEBUG $(inherited)";
				SWIFT_OPTIMIZATION_LEVEL = "-Onone";
			};
			name = Debug;
		};
		C01D02F32FDA59E4001B97F4 /* Release */ = {
			isa = XCBuildConfiguration;
			buildSettings = {
				ALWAYS_SEARCH_USER_PATHS = NO;
				ASSETCATALOG_COMPILER_GENERATE_SWIFT_ASSET_SYMBOL_EXTENSIONS = YES;
				CLANG_ANALYZER_NONNULL = YES;
				CLANG_ANALYZER_NUMBER_OBJECT_CONVERSION = YES_AGGRESSIVE;
				CLANG_CXX_LANGUAGE_STANDARD = "gnu++20";
				CLANG_ENABLE_MODULES = YES;
				CLANG_ENABLE_OBJC_ARC = YES;
				CLANG_ENABLE_OBJC_WEAK = YES;
				CLANG_WARN_BLOCK_CAPTURE_AUTORELEASING = YES;
				CLANG_WARN_BOOL_CONVERSION = YES;
				CLANG_WARN_COMMA = YES;
				CLANG_WARN_CONSTANT_CONVERSION = YES;
				CLANG_WARN_DEPRECATED_OBJC_IMPLEMENTATIONS = YES;
				CLANG_WARN_DIRECT_OBJC_ISA_USAGE = YES_ERROR;
				CLANG_WARN_DOCUMENTATION_COMMENTS = YES;
				CLANG_WARN_EMPTY_BODY = YES;
				CLANG_WARN_ENUM_CONVERSION = YES;
				CLANG_WARN_INFINITE_RECURSION = YES;
				CLANG_WARN_INT_CONVERSION = YES;
				CLANG_WARN_NON_LITERAL_NULL_CONVERSION = YES;
				CLANG_WARN_OBJC_IMPLICIT_RETAIN_SELF = YES;
				CLANG_WARN_OBJC_LITERAL_CONVERSION = YES;
				CLANG_WARN_OBJC_ROOT_CLASS = YES_ERROR;
				CLANG_WARN_QUOTED_INCLUDE_IN_FRAMEWORK_HEADER = YES;
				CLANG_WARN_RANGE_LOOP_ANALYSIS = YES;
				CLANG_WARN_STRICT_PROTOTYPES = YES;
				CLANG_WARN_SUSPICIOUS_MOVE = YES;
				CLANG_WARN_UNGUARDED_AVAILABILITY = YES_AGGRESSIVE;
				CLANG_WARN_UNREACHABLE_CODE = YES;
				CLANG_WARN__DUPLICATE_METHOD_MATCH = YES;
				COPY_PHASE_STRIP = NO;
				DEBUG_INFORMATION_FORMAT = "dwarf-with-dsym";
				ENABLE_NS_ASSERTIONS = NO;
				ENABLE_STRICT_OBJC_MSGSEND = YES;
				ENABLE_USER_SCRIPT_SANDBOXING = YES;
				GCC_C_LANGUAGE_STANDARD = gnu17;
				GCC_NO_COMMON_BLOCKS = YES;
				GCC_WARN_64_TO_32_BIT_CONVERSION = YES;
				GCC_WARN_ABOUT_RETURN_TYPE = YES_ERROR;
				GCC_WARN_UNDECLARED_SELECTOR = YES;
				GCC_WARN_UNINITIALIZED_AUTOS = YES_AGGRESSIVE;
				GCC_WARN_UNUSED_FUNCTION = YES;
				GCC_WARN_UNUSED_VARIABLE = YES;
				IPHONEOS_DEPLOYMENT_TARGET = 26.5;
				LOCALIZATION_PREFERS_STRING_CATALOGS = YES;
				MTL_ENABLE_DEBUG_INFO = NO;
				MTL_FAST_MATH = YES;
				SDKROOT = iphoneos;
				SWIFT_COMPILATION_MODE = wholemodule;
				VALIDATE_PRODUCT = YES;
			};
			name = Release;
		};
		C01D02F52FDA59E4001B97F4 /* Debug */ = {
			isa = XCBuildConfiguration;
			buildSettings = {
				ASSETCATALOG_COMPILER_APPICON_NAME = AppIcon;
				ASSETCATALOG_COMPILER_GLOBAL_ACCENT_COLOR_NAME = AccentColor;
				CODE_SIGN_ENTITLEMENTS = SmartHealth/SmartHealth.entitlements;
				CODE_SIGN_IDENTITY = "Apple Development";
				CODE_SIGN_STYLE = Automatic;
				CURRENT_PROJECT_VERSION = 1;
				DEVELOPMENT_TEAM = TX888AQR5D;
				ENABLE_PREVIEWS = YES;
				GENERATE_INFOPLIST_FILE = YES;
				INFOPLIST_FILE = SmartHealth/Info.plist;
				INFOPLIST_KEY_CFBundleDisplayName = HealthLogiq;
				INFOPLIST_KEY_LSApplicationCategoryType = "public.app-category.healthcare-fitness";
				INFOPLIST_KEY_NSHealthClinicalHealthRecordsShareUsageDescription = "HealthLogiq writes health and fitness data to Apple Health to help you track and manage your wellness information.";
				INFOPLIST_KEY_NSHealthShareUsageDescription = "HealthLogiq writes health and fitness data to Apple Health to help you track and manage your wellness information.";
				INFOPLIST_KEY_UIApplicationSceneManifest_Generation = YES;
				INFOPLIST_KEY_UIApplicationSupportsIndirectInputEvents = YES;
				INFOPLIST_KEY_UILaunchScreen_Generation = YES;
				INFOPLIST_KEY_UISupportedInterfaceOrientations_iPad = "UIInterfaceOrientationPortrait UIInterfaceOrientationPortraitUpsideDown UIInterfaceOrientationLandscapeLeft UIInterfaceOrientationLandscapeRight";
				INFOPLIST_KEY_UISupportedInterfaceOrientations_iPhone = "UIInterfaceOrientationPortrait UIInterfaceOrientationLandscapeLeft UIInterfaceOrientationLandscapeRight";
				LD_RUNPATH_SEARCH_PATHS = (
					"$(inherited)",
					"@executable_path/Frameworks",
				);
				MARKETING_VERSION = 1.0.0;
				PRODUCT_BUNDLE_IDENTIFIER = com.adib.SmartHealth.SmartHealth;
				PRODUCT_NAME = "$(TARGET_NAME)";
				PROVISIONING_PROFILE_SPECIFIER = "";
				STRING_CATALOG_GENERATE_SYMBOLS = YES;
				SWIFT_APPROACHABLE_CONCURRENCY = YES;
				SWIFT_DEFAULT_ACTOR_ISOLATION = MainActor;
				SWIFT_EMIT_LOC_STRINGS = YES;
				SWIFT_UPCOMING_FEATURE_MEMBER_IMPORT_VISIBILITY = YES;
				SWIFT_VERSION = 5.0;
				TARGETED_DEVICE_FAMILY = "1,2";
			};
			name = Debug;
		};
		C01D02F62FDA59E4001B97F4 /* Release */ = {
			isa = XCBuildConfiguration;
			buildSettings = {
				ASSETCATALOG_COMPILER_APPICON_NAME = AppIcon;
				ASSETCATALOG_COMPILER_GLOBAL_ACCENT_COLOR_NAME = AccentColor;
				CODE_SIGN_ENTITLEMENTS = SmartHealth/SmartHealth.entitlements;
				CODE_SIGN_IDENTITY = "Apple Development";
				CODE_SIGN_STYLE = Automatic;
				CURRENT_PROJECT_VERSION = 1;
				DEVELOPMENT_TEAM = TX888AQR5D;
				ENABLE_PREVIEWS = YES;
				GENERATE_INFOPLIST_FILE = YES;
				INFOPLIST_FILE = SmartHealth/Info.plist;
				INFOPLIST_KEY_CFBundleDisplayName = HealthLogiq;
				INFOPLIST_KEY_LSApplicationCategoryType = "public.app-category.healthcare-fitness";
				INFOPLIST_KEY_NSHealthClinicalHealthRecordsShareUsageDescription = "HealthLogiq writes health and fitness data to Apple Health to help you track and manage your wellness information.";
				INFOPLIST_KEY_NSHealthShareUsageDescription = "HealthLogiq writes health and fitness data to Apple Health to help you track and manage your wellness information.";
				INFOPLIST_KEY_UIApplicationSceneManifest_Generation = YES;
				INFOPLIST_KEY_UIApplicationSupportsIndirectInputEvents = YES;
				INFOPLIST_KEY_UILaunchScreen_Generation = YES;
				INFOPLIST_KEY_UISupportedInterfaceOrientations_iPad = "UIInterfaceOrientationPortrait UIInterfaceOrientationPortraitUpsideDown UIInterfaceOrientationLandscapeLeft UIInterfaceOrientationLandscapeRight";
				INFOPLIST_KEY_UISupportedInterfaceOrientations_iPhone = "UIInterfaceOrientationPortrait UIInterfaceOrientationLandscapeLeft UIInterfaceOrientationLandscapeRight";
				LD_RUNPATH_SEARCH_PATHS = (
					"$(inherited)",
					"@executable_path/Frameworks",
				);
				MARKETING_VERSION = 1.0.0;
				PRODUCT_BUNDLE_IDENTIFIER = com.adib.SmartHealth.SmartHealth;
				PRODUCT_NAME = "$(TARGET_NAME)";
				PROVISIONING_PROFILE_SPECIFIER = "";
				STRING_CATALOG_GENERATE_SYMBOLS = YES;
				SWIFT_APPROACHABLE_CONCURRENCY = YES;
				SWIFT_DEFAULT_ACTOR_ISOLATION = MainActor;
				SWIFT_EMIT_LOC_STRINGS = YES;
				SWIFT_UPCOMING_FEATURE_MEMBER_IMPORT_VISIBILITY = YES;
				SWIFT_VERSION = 5.0;
				TARGETED_DEVICE_FAMILY = "1,2";
			};
			name = Release;
		};
		C03C10A82FE4D87000CC27AF /* Debug */ = {
			isa = XCBuildConfiguration;
			buildSettings = {
				ASSETCATALOG_COMPILER_GLOBAL_ACCENT_COLOR_NAME = AccentColor;
				ASSETCATALOG_COMPILER_WIDGET_BACKGROUND_COLOR_NAME = WidgetBackground;
				CODE_SIGN_ENTITLEMENTS = HealthLogiQExtension.entitlements;
				CODE_SIGN_IDENTITY = "Apple Development";
				CODE_SIGN_STYLE = Automatic;
				CURRENT_PROJECT_VERSION = 1;
				DEVELOPMENT_TEAM = TX888AQR5D;
				GENERATE_INFOPLIST_FILE = YES;
				INFOPLIST_FILE = HealthLogiQ/Info.plist;
				INFOPLIST_KEY_CFBundleDisplayName = HealthLogiQ;
				INFOPLIST_KEY_NSHumanReadableCopyright = "";
				LD_RUNPATH_SEARCH_PATHS = (
					"$(inherited)",
					"@executable_path/Frameworks",
					"@executable_path/../../Frameworks",
				);
				MARKETING_VERSION = 1.0.0;
				PRODUCT_BUNDLE_IDENTIFIER = com.adib.SmartHealth.SmartHealth.HealthLogiQ;
				PRODUCT_NAME = "$(TARGET_NAME)";
				SKIP_INSTALL = YES;
				STRING_CATALOG_GENERATE_SYMBOLS = YES;
				SWIFT_APPROACHABLE_CONCURRENCY = YES;
				SWIFT_EMIT_LOC_STRINGS = YES;
				SWIFT_UPCOMING_FEATURE_MEMBER_IMPORT_VISIBILITY = YES;
				SWIFT_VERSION = 5.0;
				TARGETED_DEVICE_FAMILY = "1,2";
			};
			name = Debug;
		};
		C03C10A92FE4D87000CC27AF /* Release */ = {
			isa = XCBuildConfiguration;
			buildSettings = {
				ASSETCATALOG_COMPILER_GLOBAL_ACCENT_COLOR_NAME = AccentColor;
				ASSETCATALOG_COMPILER_WIDGET_BACKGROUND_COLOR_NAME = WidgetBackground;
				CODE_SIGN_ENTITLEMENTS = HealthLogiQExtension.entitlements;
				CODE_SIGN_IDENTITY = "Apple Development";
				CODE_SIGN_STYLE = Automatic;
				CURRENT_PROJECT_VERSION = 1;
				DEVELOPMENT_TEAM = TX888AQR5D;
				GENERATE_INFOPLIST_FILE = YES;
				INFOPLIST_FILE = HealthLogiQ/Info.plist;
				INFOPLIST_KEY_CFBundleDisplayName = HealthLogiQ;
				INFOPLIST_KEY_NSHumanReadableCopyright = "";
				LD_RUNPATH_SEARCH_PATHS = (
					"$(inherited)",
					"@executable_path/Frameworks",
					"@executable_path/../../Frameworks",
				);
				MARKETING_VERSION = 1.0.0;
				PRODUCT_BUNDLE_IDENTIFIER = com.adib.SmartHealth.SmartHealth.HealthLogiQ;
				PRODUCT_NAME = "$(TARGET_NAME)";
				SKIP_INSTALL = YES;
				STRING_CATALOG_GENERATE_SYMBOLS = YES;
				SWIFT_APPROACHABLE_CONCURRENCY = YES;
				SWIFT_EMIT_LOC_STRINGS = YES;
				SWIFT_UPCOMING_FEATURE_MEMBER_IMPORT_VISIBILITY = YES;
				SWIFT_VERSION = 5.0;
				TARGETED_DEVICE_FAMILY = "1,2";
			};
			name = Release;
		};
/* End XCBuildConfiguration section */

/* Begin XCConfigurationList section */
		C01D02E42FDA59E3001B97F4 /* Build configuration list for PBXProject "HealthLogiQ" */ = {
			isa = XCConfigurationList;
			buildConfigurations = (
				C01D02F22FDA59E4001B97F4 /* Debug */,
				C01D02F32FDA59E4001B97F4 /* Release */,
			);
			defaultConfigurationIsVisible = 0;
			defaultConfigurationName = Release;
		};
		C01D02F42FDA59E4001B97F4 /* Build configuration list for PBXNativeTarget "HealthLogiq" */ = {
			isa = XCConfigurationList;
			buildConfigurations = (
				C01D02F52FDA59E4001B97F4 /* Debug */,
				C01D02F62FDA59E4001B97F4 /* Release */,
			);
			defaultConfigurationIsVisible = 0;
			defaultConfigurationName = Release;
		};
		C03C10A72FE4D87000CC27AF /* Build configuration list for PBXNativeTarget "HealthLogiQExtension" */ = {
			isa = XCConfigurationList;
			buildConfigurations = (
				C03C10A82FE4D87000CC27AF /* Debug */,
				C03C10A92FE4D87000CC27AF /* Release */,
			);
			defaultConfigurationIsVisible = 0;
			defaultConfigurationName = Release;
		};
/* End XCConfigurationList section */
	};
	rootObject = C01D02E12FDA59E3001B97F4 /* Project object */;
}
